
Microsoft Visual Studio Solution File, Format Version 12.00
# Visual Studio Version 17
VisualStudioVersion = 17.0.31903.59
MinimumVisualStudioVersion = 10.0.40219.1
Project("{2150E333-8FDC-42A3-9474-1A3956D46DE8}") = "src", "src", "{8327312C-1585-4131-A682-150BCB4BB18E}"
EndProject
Project("{FAE04EC0-301F-11D3-BF4B-00C04F79EFBC}") = "Domain", "src\Domain\Domain.csproj", "{C98F3DAC-1F68-40D5-B4D5-C2ADD0F0D152}"
EndProject
Global
	GlobalSection(SolutionConfigurationPlatforms) = preSolution
		Debug|Any CPU = Debug|Any CPU
		Release|Any CPU = Release|Any CPU
	EndGlobalSection
	GlobalSection(ProjectConfigurationPlatforms) = postSolution
		{C98F3DAC-1F68-40D5-B4D5-C2ADD0F0D152}.Debug|Any CPU.ActiveCfg = Debug|Any CPU
		{C98F3DAC-1F68-40D5-B4D5-C2ADD0F0D152}.Debug|Any CPU.Build.0 = Debug|Any CPU
		{C98F3DAC-1F68-40D5-B4D5-C2ADD0F0D152}.Release|Any CPU.ActiveCfg = Release|Any CPU
		{C98F3DAC-1F68-40D5-B4D5-C2ADD0F0D152}.Release|Any CPU.Build.0 = Release|Any CPU
	EndGlobalSection
	GlobalSection(SolutionProperties) = preSolution
		HideSolutionNode = FALSE
	EndGlobalSection
	GlobalSection(NestedProjects) = preSolution
		{C98F3DAC-1F68-40D5-B4D5-C2ADD0F0D152} = {8327312C-1585-4131-A682-150BCB4BB18E}
	EndGlobalSection
	GlobalSection(ExtensibilityGlobals) = postSolution
		SolutionGuid = {3B4E0C03-3CAC-4E61-885C-B0B0BF40989D}
	EndGlobalSection
EndGlobal
