
Microsoft Visual Studio Solution File, Format Version 12.00
# Visual Studio Version 17
VisualStudioVersion = 17.0.31903.59
MinimumVisualStudioVersion = 10.0.40219.1
Project("{2150E333-8FDC-42A3-9474-1A3956D46DE8}") = "src", "src", "{8327312C-1585-4131-A682-150BCB4BB18E}"
EndProject
Project("{9A19103F-16F7-4668-BE54-9A1E7A4F7556}") = "Domain", "src\Domain\Domain.csproj", "{C98F3DAC-1F68-40D5-B4D5-C2ADD0F0D152}"
EndProject
Project("{9A19103F-16F7-4668-BE54-9A1E7A4F7556}") = "Infrastructure", "src\Infrastructure\Infrastructure.csproj", "{903A5E56-5C26-4342-95EC-DD03066DE635}"
EndProject
Project("{FAE04EC0-301F-11D3-BF4B-00C04F79EFBC}") = "Application", "src\Application\Application.csproj", "{E98EB714-DD8E-41FE-8989-B8A8D6FFD188}"
EndProject
Project("{2150E333-8FDC-42A3-9474-1A3956D46DE8}") = "Presentations", "Presentations", "{CD8F2DAC-8B3E-4F01-ABD5-1ABAC1C62695}"
EndProject
Project("{FAE04EC0-301F-11D3-BF4B-00C04F79EFBC}") = "WebApi", "WebApi\WebApi.csproj", "{B776F523-1EC5-4FA9-98A0-A4496FF10A70}"
EndProject
Global
	GlobalSection(SolutionConfigurationPlatforms) = preSolution
		Debug|Any CPU = Debug|Any CPU
		Release|Any CPU = Release|Any CPU
	EndGlobalSection
	GlobalSection(ProjectConfigurationPlatforms) = postSolution
		{C98F3DAC-1F68-40D5-B4D5-C2ADD0F0D152}.Debug|Any CPU.ActiveCfg = Debug|Any CPU
		{C98F3DAC-1F68-40D5-B4D5-C2ADD0F0D152}.Debug|Any CPU.Build.0 = Debug|Any CPU
		{C98F3DAC-1F68-40D5-B4D5-C2ADD0F0D152}.Release|Any CPU.ActiveCfg = Release|Any CPU
		{C98F3DAC-1F68-40D5-B4D5-C2ADD0F0D152}.Release|Any CPU.Build.0 = Release|Any CPU
		{903A5E56-5C26-4342-95EC-DD03066DE635}.Debug|Any CPU.ActiveCfg = Debug|Any CPU
		{903A5E56-5C26-4342-95EC-DD03066DE635}.Debug|Any CPU.Build.0 = Debug|Any CPU
		{903A5E56-5C26-4342-95EC-DD03066DE635}.Release|Any CPU.ActiveCfg = Release|Any CPU
		{903A5E56-5C26-4342-95EC-DD03066DE635}.Release|Any CPU.Build.0 = Release|Any CPU
		{E98EB714-DD8E-41FE-8989-B8A8D6FFD188}.Debug|Any CPU.ActiveCfg = Debug|Any CPU
		{E98EB714-DD8E-41FE-8989-B8A8D6FFD188}.Debug|Any CPU.Build.0 = Debug|Any CPU
		{E98EB714-DD8E-41FE-8989-B8A8D6FFD188}.Release|Any CPU.ActiveCfg = Release|Any CPU
		{E98EB714-DD8E-41FE-8989-B8A8D6FFD188}.Release|Any CPU.Build.0 = Release|Any CPU
		{B776F523-1EC5-4FA9-98A0-A4496FF10A70}.Debug|Any CPU.ActiveCfg = Debug|Any CPU
		{B776F523-1EC5-4FA9-98A0-A4496FF10A70}.Debug|Any CPU.Build.0 = Debug|Any CPU
		{B776F523-1EC5-4FA9-98A0-A4496FF10A70}.Release|Any CPU.ActiveCfg = Release|Any CPU
		{B776F523-1EC5-4FA9-98A0-A4496FF10A70}.Release|Any CPU.Build.0 = Release|Any CPU
	EndGlobalSection
	GlobalSection(SolutionProperties) = preSolution
		HideSolutionNode = FALSE
	EndGlobalSection
	GlobalSection(NestedProjects) = preSolution
		{C98F3DAC-1F68-40D5-B4D5-C2ADD0F0D152} = {8327312C-1585-4131-A682-150BCB4BB18E}
		{903A5E56-5C26-4342-95EC-DD03066DE635} = {8327312C-1585-4131-A682-150BCB4BB18E}
		{E98EB714-DD8E-41FE-8989-B8A8D6FFD188} = {8327312C-1585-4131-A682-150BCB4BB18E}
		{CD8F2DAC-8B3E-4F01-ABD5-1ABAC1C62695} = {8327312C-1585-4131-A682-150BCB4BB18E}
		{B776F523-1EC5-4FA9-98A0-A4496FF10A70} = {CD8F2DAC-8B3E-4F01-ABD5-1ABAC1C62695}
	EndGlobalSection
	GlobalSection(ExtensibilityGlobals) = postSolution
		SolutionGuid = {3B4E0C03-3CAC-4E61-885C-B0B0BF40989D}
	EndGlobalSection
EndGlobal
